
Microsoft Visual Studio Solution File, Format Version 12.00
# Visual Studio Version 16
VisualStudioVersion = 16.0.32510.428
MinimumVisualStudioVersion = 10.0.40219.1
Project("{FAE04EC0-301F-11D3-BF4B-00C04F79EFBC}") = "Employee WEBAPI", "Employee WEBAPI\Employee WEBAPI.csproj", "{D37C4E05-BD66-4E8C-AF5A-B0AA751BF8B0}"
EndProject
Global
	GlobalSection(SolutionConfigurationPlatforms) = preSolution
		Debug|Any CPU = Debug|Any CPU
		Release|Any CPU = Release|Any CPU
	EndGlobalSection
	GlobalSection(ProjectConfigurationPlatforms) = postSolution
		{D37C4E05-BD66-4E8C-AF5A-B0AA751BF8B0}.Debug|Any CPU.ActiveCfg = Debug|Any CPU
		{D37C4E05-BD66-4E8C-AF5A-B0AA751BF8B0}.Debug|Any CPU.Build.0 = Debug|Any CPU
		{D37C4E05-BD66-4E8C-AF5A-B0AA751BF8B0}.Release|Any CPU.ActiveCfg = Release|Any CPU
		{D37C4E05-BD66-4E8C-AF5A-B0AA751BF8B0}.Release|Any CPU.Build.0 = Release|Any CPU
	EndGlobalSection
	GlobalSection(SolutionProperties) = preSolution
		HideSolutionNode = FALSE
	EndGlobalSection
	GlobalSection(ExtensibilityGlobals) = postSolution
		SolutionGuid = {7D8CD468-8D10-48A5-98A9-68798C8E9571}
	EndGlobalSection
EndGlobal
