
Microsoft Visual Studio Solution File, Format Version 12.00
# Visual Studio Version 16
VisualStudioVersion = 16.0.32510.428
MinimumVisualStudioVersion = 10.0.40219.1
Project("{FAE04EC0-301F-11D3-BF4B-00C04F79EFBC}") = "MVC Windows Aunth", "MVC Windows Aunth\MVC Windows Aunth.csproj", "{A7F7CA6C-C593-46BE-8087-E77A8AC83613}"
EndProject
Global
	GlobalSection(SolutionConfigurationPlatforms) = preSolution
		Debug|Any CPU = Debug|Any CPU
		Release|Any CPU = Release|Any CPU
	EndGlobalSection
	GlobalSection(ProjectConfigurationPlatforms) = postSolution
		{A7F7CA6C-C593-46BE-8087-E77A8AC83613}.Debug|Any CPU.ActiveCfg = Debug|Any CPU
		{A7F7CA6C-C593-46BE-8087-E77A8AC83613}.Debug|Any CPU.Build.0 = Debug|Any CPU
		{A7F7CA6C-C593-46BE-8087-E77A8AC83613}.Release|Any CPU.ActiveCfg = Release|Any CPU
		{A7F7CA6C-C593-46BE-8087-E77A8AC83613}.Release|Any CPU.Build.0 = Release|Any CPU
	EndGlobalSection
	GlobalSection(SolutionProperties) = preSolution
		HideSolutionNode = FALSE
	EndGlobalSection
	GlobalSection(ExtensibilityGlobals) = postSolution
		SolutionGuid = {1D8F6759-A7F2-4C0F-A95B-5B8F754D7D62}
	EndGlobalSection
EndGlobal
