
Microsoft Visual Studio Solution File, Format Version 12.00
# Visual Studio Version 16
VisualStudioVersion = 16.0.32510.428
MinimumVisualStudioVersion = 10.0.40219.1
Project("{FAE04EC0-301F-11D3-BF4B-00C04F79EFBC}") = "Demoproject", "Demoproject\Demoproject.csproj", "{EF6AF593-5C47-44B3-BA0F-388DC09ACEE3}"
EndProject
Global
	GlobalSection(SolutionConfigurationPlatforms) = preSolution
		Debug|Any CPU = Debug|Any CPU
		Release|Any CPU = Release|Any CPU
	EndGlobalSection
	GlobalSection(ProjectConfigurationPlatforms) = postSolution
		{EF6AF593-5C47-44B3-BA0F-388DC09ACEE3}.Debug|Any CPU.ActiveCfg = Debug|Any CPU
		{EF6AF593-5C47-44B3-BA0F-388DC09ACEE3}.Debug|Any CPU.Build.0 = Debug|Any CPU
		{EF6AF593-5C47-44B3-BA0F-388DC09ACEE3}.Release|Any CPU.ActiveCfg = Release|Any CPU
		{EF6AF593-5C47-44B3-BA0F-388DC09ACEE3}.Release|Any CPU.Build.0 = Release|Any CPU
	EndGlobalSection
	GlobalSection(SolutionProperties) = preSolution
		HideSolutionNode = FALSE
	EndGlobalSection
	GlobalSection(ExtensibilityGlobals) = postSolution
		SolutionGuid = {872FB957-F05C-47C1-9A9A-FCF2C5B9767B}
	EndGlobalSection
EndGlobal
