
Microsoft Visual Studio Solution File, Format Version 12.00
# Visual Studio Version 16
VisualStudioVersion = 16.0.32510.428
MinimumVisualStudioVersion = 10.0.40219.1
Project("{FAE04EC0-301F-11D3-BF4B-00C04F79EFBC}") = "MVCAssignment", "MVCAssignment\MVCAssignment.csproj", "{5C3D3721-B998-408F-963A-836039713A31}"
EndProject
Global
	GlobalSection(SolutionConfigurationPlatforms) = preSolution
		Debug|Any CPU = Debug|Any CPU
		Release|Any CPU = Release|Any CPU
	EndGlobalSection
	GlobalSection(ProjectConfigurationPlatforms) = postSolution
		{5C3D3721-B998-408F-963A-836039713A31}.Debug|Any CPU.ActiveCfg = Debug|Any CPU
		{5C3D3721-B998-408F-963A-836039713A31}.Debug|Any CPU.Build.0 = Debug|Any CPU
		{5C3D3721-B998-408F-963A-836039713A31}.Release|Any CPU.ActiveCfg = Release|Any CPU
		{5C3D3721-B998-408F-963A-836039713A31}.Release|Any CPU.Build.0 = Release|Any CPU
	EndGlobalSection
	GlobalSection(SolutionProperties) = preSolution
		HideSolutionNode = FALSE
	EndGlobalSection
	GlobalSection(ExtensibilityGlobals) = postSolution
		SolutionGuid = {BF4F345A-3E7B-4C1A-8F9A-E056B01BCC87}
	EndGlobalSection
EndGlobal
