
Microsoft Visual Studio Solution File, Format Version 12.00
# Visual Studio Version 16
VisualStudioVersion = 16.0.32510.428
MinimumVisualStudioVersion = 10.0.40219.1
Project("{FAE04EC0-301F-11D3-BF4B-00C04F79EFBC}") = "WebAPI", "WebAPI\WebAPI.csproj", "{A3EAF67E-DCBD-464C-B9AA-7E170CF84C8E}"
EndProject
Global
	GlobalSection(SolutionConfigurationPlatforms) = preSolution
		Debug|Any CPU = Debug|Any CPU
		Release|Any CPU = Release|Any CPU
	EndGlobalSection
	GlobalSection(ProjectConfigurationPlatforms) = postSolution
		{A3EAF67E-DCBD-464C-B9AA-7E170CF84C8E}.Debug|Any CPU.ActiveCfg = Debug|Any CPU
		{A3EAF67E-DCBD-464C-B9AA-7E170CF84C8E}.Debug|Any CPU.Build.0 = Debug|Any CPU
		{A3EAF67E-DCBD-464C-B9AA-7E170CF84C8E}.Release|Any CPU.ActiveCfg = Release|Any CPU
		{A3EAF67E-DCBD-464C-B9AA-7E170CF84C8E}.Release|Any CPU.Build.0 = Release|Any CPU
	EndGlobalSection
	GlobalSection(SolutionProperties) = preSolution
		HideSolutionNode = FALSE
	EndGlobalSection
	GlobalSection(ExtensibilityGlobals) = postSolution
		SolutionGuid = {4FCB4D26-D668-429D-9874-FDE60F44EDD7}
	EndGlobalSection
EndGlobal
