
Microsoft Visual Studio Solution File, Format Version 12.00
# Visual Studio Version 17
VisualStudioVersion = 17.1.32210.238
MinimumVisualStudioVersion = 10.0.40219.1
Project("{FAE04EC0-301F-11D3-BF4B-00C04F79EFBC}") = "Day1ASP", "Day1ASP\Day1ASP.csproj", "{DA48D257-B392-4A3D-91A5-A533A2C266FD}"
EndProject
Global
	GlobalSection(SolutionConfigurationPlatforms) = preSolution
		Debug|Any CPU = Debug|Any CPU
		Release|Any CPU = Release|Any CPU
	EndGlobalSection
	GlobalSection(ProjectConfigurationPlatforms) = postSolution
		{DA48D257-B392-4A3D-91A5-A533A2C266FD}.Debug|Any CPU.ActiveCfg = Debug|Any CPU
		{DA48D257-B392-4A3D-91A5-A533A2C266FD}.Debug|Any CPU.Build.0 = Debug|Any CPU
		{DA48D257-B392-4A3D-91A5-A533A2C266FD}.Release|Any CPU.ActiveCfg = Release|Any CPU
		{DA48D257-B392-4A3D-91A5-A533A2C266FD}.Release|Any CPU.Build.0 = Release|Any CPU
	EndGlobalSection
	GlobalSection(SolutionProperties) = preSolution
		HideSolutionNode = FALSE
	EndGlobalSection
	GlobalSection(ExtensibilityGlobals) = postSolution
		SolutionGuid = {E9E6AA2C-4AD5-49EC-88F6-60FED072B0EC}
	EndGlobalSection
EndGlobal
